
Microsoft Visual Studio Solution File, Format Version 12.00
# Visual Studio 15
VisualStudioVersion = 15.0.28307.136
MinimumVisualStudioVersion = 10.0.40219.1
Project("{FAE04EC0-301F-11D3-BF4B-00C04F79EFBC}") = "cjComponents", "cjComponents\cjComponents.csproj", "{9DA6DE91-19F6-4C45-8280-A76EFAC6C0BE}"
EndProject
Global
	GlobalSection(SolutionConfigurationPlatforms) = preSolution
		Debug|Any CPU = Debug|Any CPU
		Release|Any CPU = Release|Any CPU
	EndGlobalSection
	GlobalSection(ProjectConfigurationPlatforms) = postSolution
		{9DA6DE91-19F6-4C45-8280-A76EFAC6C0BE}.Debug|Any CPU.ActiveCfg = Debug|Any CPU
		{9DA6DE91-19F6-4C45-8280-A76EFAC6C0BE}.Debug|Any CPU.Build.0 = Debug|Any CPU
		{9DA6DE91-19F6-4C45-8280-A76EFAC6C0BE}.Release|Any CPU.ActiveCfg = Release|Any CPU
		{9DA6DE91-19F6-4C45-8280-A76EFAC6C0BE}.Release|Any CPU.Build.0 = Release|Any CPU
	EndGlobalSection
	GlobalSection(SolutionProperties) = preSolution
		HideSolutionNode = FALSE
	EndGlobalSection
	GlobalSection(ExtensibilityGlobals) = postSolution
		SolutionGuid = {9F107E5D-1D6D-443A-BE00-77FD6E808A0B}
	EndGlobalSection
EndGlobal
